# This file is automatically @generated by Cargo.
# It is not intended for manual editing.
[[package]]
name = "once_cell"
version = "1.5.2"
source = "registry+https://github.com/rust-lang/crates.io-index"
checksum = "13bd41f508810a131401606d54ac32a467c97172d74ba7662562ebba5ad07fa0"

[[package]]
name = "path-absolutize"
version = "3.0.6"
source = "registry+https://github.com/rust-lang/crates.io-index"
checksum = "7a6ab2aaa5faefed84db46e4398eab15fa51325606462b5da8b0e230af3ac59a"
dependencies = [
 "path-dedot",
]

[[package]]
name = "path-calculate"
version = "0.1.0"
dependencies = [
 "path-absolutize",
]

[[package]]
name = "path-dedot"
version = "3.0.7"
source = "registry+https://github.com/rust-lang/crates.io-index"
checksum = "658c6e985fce9c25289fe7c86c08a3cbe82c19a3cd5b3bc5945c8c632552e460"
dependencies = [
 "once_cell",
]
